
Microsoft Visual Studio Solution File, Format Version 12.00
# Visual Studio Version 17
VisualStudioVersion = 17.7.34024.191
MinimumVisualStudioVersion = 10.0.40219.1
Project("{FAE04EC0-301F-11D3-BF4B-00C04F79EFBC}") = "CursoNetAvanzado", "CursoNetAvanzado.csproj", "{ABB6020F-A129-461B-ADE2-2A68256F2DC8}"
EndProject
Global
	GlobalSection(SolutionConfigurationPlatforms) = preSolution
		Debug|Any CPU = Debug|Any CPU
		Release|Any CPU = Release|Any CPU
	EndGlobalSection
	GlobalSection(ProjectConfigurationPlatforms) = postSolution
		{ABB6020F-A129-461B-ADE2-2A68256F2DC8}.Debug|Any CPU.ActiveCfg = Debug|Any CPU
		{ABB6020F-A129-461B-ADE2-2A68256F2DC8}.Debug|Any CPU.Build.0 = Debug|Any CPU
		{ABB6020F-A129-461B-ADE2-2A68256F2DC8}.Release|Any CPU.ActiveCfg = Release|Any CPU
		{ABB6020F-A129-461B-ADE2-2A68256F2DC8}.Release|Any CPU.Build.0 = Release|Any CPU
	EndGlobalSection
	GlobalSection(SolutionProperties) = preSolution
		HideSolutionNode = FALSE
	EndGlobalSection
	GlobalSection(ExtensibilityGlobals) = postSolution
		SolutionGuid = {1CA3221A-FB68-4F42-A5D6-3E325FE6CD38}
	EndGlobalSection
EndGlobal
